
Microsoft Visual Studio Solution File, Format Version 12.00
# Visual Studio Version 16
VisualStudioVersion = 16.0.32126.315
MinimumVisualStudioVersion = 10.0.40219.1
Project("{FAE04EC0-301F-11D3-BF4B-00C04F79EFBC}") = "AppPersons.UWP", "AppPersons.UWP\AppPersons.UWP.csproj", "{4F21F811-4F77-41A8-AEE2-AA9B1942F602}"
EndProject
Project("{FAE04EC0-301F-11D3-BF4B-00C04F79EFBC}") = "AppPersons.Android", "AppPersons.Android\AppPersons.Android.csproj", "{2FD78D15-21C6-45CA-AB59-B2B6B4A72716}"
EndProject
Project("{FAE04EC0-301F-11D3-BF4B-00C04F79EFBC}") = "AppPersons.iOS", "AppPersons.iOS\AppPersons.iOS.csproj", "{F04E3CF9-4E43-4828-B2DF-5278CA8BB03D}"
EndProject
Project("{FAE04EC0-301F-11D3-BF4B-00C04F79EFBC}") = "AppPersons", "AppPersons\AppPersons.csproj", "{7C4409CA-D669-4E8A-A3D7-ECC23C7A46D7}"
EndProject
Global
	GlobalSection(SolutionConfigurationPlatforms) = preSolution
		Debug|Any CPU = Debug|Any CPU
		Debug|ARM = Debug|ARM
		Debug|iPhone = Debug|iPhone
		Debug|iPhoneSimulator = Debug|iPhoneSimulator
		Debug|x64 = Debug|x64
		Debug|x86 = Debug|x86
		Release|Any CPU = Release|Any CPU
		Release|ARM = Release|ARM
		Release|iPhone = Release|iPhone
		Release|iPhoneSimulator = Release|iPhoneSimulator
		Release|x64 = Release|x64
		Release|x86 = Release|x86
	EndGlobalSection
	GlobalSection(ProjectConfigurationPlatforms) = postSolution
		{4F21F811-4F77-41A8-AEE2-AA9B1942F602}.Debug|Any CPU.ActiveCfg = Debug|x86
		{4F21F811-4F77-41A8-AEE2-AA9B1942F602}.Debug|Any CPU.Build.0 = Debug|x86
		{4F21F811-4F77-41A8-AEE2-AA9B1942F602}.Debug|Any CPU.Deploy.0 = Debug|x86
		{4F21F811-4F77-41A8-AEE2-AA9B1942F602}.Debug|ARM.ActiveCfg = Debug|ARM
		{4F21F811-4F77-41A8-AEE2-AA9B1942F602}.Debug|ARM.Build.0 = Debug|ARM
		{4F21F811-4F77-41A8-AEE2-AA9B1942F602}.Debug|ARM.Deploy.0 = Debug|ARM
		{4F21F811-4F77-41A8-AEE2-AA9B1942F602}.Debug|iPhone.ActiveCfg = Debug|x86
		{4F21F811-4F77-41A8-AEE2-AA9B1942F602}.Debug|iPhone.Build.0 = Debug|x86
		{4F21F811-4F77-41A8-AEE2-AA9B1942F602}.Debug|iPhone.Deploy.0 = Debug|x86
		{4F21F811-4F77-41A8-AEE2-AA9B1942F602}.Debug|iPhoneSimulator.ActiveCfg = Debug|x86
		{4F21F811-4F77-41A8-AEE2-AA9B1942F602}.Debug|iPhoneSimulator.Build.0 = Debug|x86
		{4F21F811-4F77-41A8-AEE2-AA9B1942F602}.Debug|iPhoneSimulator.Deploy.0 = Debug|x86
		{4F21F811-4F77-41A8-AEE2-AA9B1942F602}.Debug|x64.ActiveCfg = Debug|x64
		{4F21F811-4F77-41A8-AEE2-AA9B1942F602}.Debug|x64.Build.0 = Debug|x64
		{4F21F811-4F77-41A8-AEE2-AA9B1942F602}.Debug|x64.Deploy.0 = Debug|x64
		{4F21F811-4F77-41A8-AEE2-AA9B1942F602}.Debug|x86.ActiveCfg = Debug|x86
		{4F21F811-4F77-41A8-AEE2-AA9B1942F602}.Debug|x86.Build.0 = Debug|x86
		{4F21F811-4F77-41A8-AEE2-AA9B1942F602}.Debug|x86.Deploy.0 = Debug|x86
		{4F21F811-4F77-41A8-AEE2-AA9B1942F602}.Release|Any CPU.ActiveCfg = Release|x86
		{4F21F811-4F77-41A8-AEE2-AA9B1942F602}.Release|Any CPU.Build.0 = Release|x86
		{4F21F811-4F77-41A8-AEE2-AA9B1942F602}.Release|Any CPU.Deploy.0 = Release|x86
		{4F21F811-4F77-41A8-AEE2-AA9B1942F602}.Release|ARM.ActiveCfg = Release|ARM
		{4F21F811-4F77-41A8-AEE2-AA9B1942F602}.Release|ARM.Build.0 = Release|ARM
		{4F21F811-4F77-41A8-AEE2-AA9B1942F602}.Release|ARM.Deploy.0 = Release|ARM
		{4F21F811-4F77-41A8-AEE2-AA9B1942F602}.Release|iPhone.ActiveCfg = Release|x86
		{4F21F811-4F77-41A8-AEE2-AA9B1942F602}.Release|iPhone.Build.0 = Release|x86
		{4F21F811-4F77-41A8-AEE2-AA9B1942F602}.Release|iPhone.Deploy.0 = Release|x86
		{4F21F811-4F77-41A8-AEE2-AA9B1942F602}.Release|iPhoneSimulator.ActiveCfg = Release|x86
		{4F21F811-4F77-41A8-AEE2-AA9B1942F602}.Release|iPhoneSimulator.Build.0 = Release|x86
		{4F21F811-4F77-41A8-AEE2-AA9B1942F602}.Release|iPhoneSimulator.Deploy.0 = Release|x86
		{4F21F811-4F77-41A8-AEE2-AA9B1942F602}.Release|x64.ActiveCfg = Release|x64
		{4F21F811-4F77-41A8-AEE2-AA9B1942F602}.Release|x64.Build.0 = Release|x64
		{4F21F811-4F77-41A8-AEE2-AA9B1942F602}.Release|x64.Deploy.0 = Release|x64
		{4F21F811-4F77-41A8-AEE2-AA9B1942F602}.Release|x86.ActiveCfg = Release|x86
		{4F21F811-4F77-41A8-AEE2-AA9B1942F602}.Release|x86.Build.0 = Release|x86
		{4F21F811-4F77-41A8-AEE2-AA9B1942F602}.Release|x86.Deploy.0 = Release|x86
		{2FD78D15-21C6-45CA-AB59-B2B6B4A72716}.Debug|Any CPU.ActiveCfg = Debug|Any CPU
		{2FD78D15-21C6-45CA-AB59-B2B6B4A72716}.Debug|Any CPU.Build.0 = Debug|Any CPU
		{2FD78D15-21C6-45CA-AB59-B2B6B4A72716}.Debug|Any CPU.Deploy.0 = Debug|Any CPU
		{2FD78D15-21C6-45CA-AB59-B2B6B4A72716}.Debug|ARM.ActiveCfg = Debug|Any CPU
		{2FD78D15-21C6-45CA-AB59-B2B6B4A72716}.Debug|ARM.Build.0 = Debug|Any CPU
		{2FD78D15-21C6-45CA-AB59-B2B6B4A72716}.Debug|ARM.Deploy.0 = Debug|Any CPU
		{2FD78D15-21C6-45CA-AB59-B2B6B4A72716}.Debug|iPhone.ActiveCfg = Debug|Any CPU
		{2FD78D15-21C6-45CA-AB59-B2B6B4A72716}.Debug|iPhone.Build.0 = Debug|Any CPU
		{2FD78D15-21C6-45CA-AB59-B2B6B4A72716}.Debug|iPhone.Deploy.0 = Debug|Any CPU
		{2FD78D15-21C6-45CA-AB59-B2B6B4A72716}.Debug|iPhoneSimulator.ActiveCfg = Debug|Any CPU
		{2FD78D15-21C6-45CA-AB59-B2B6B4A72716}.Debug|iPhoneSimulator.Build.0 = Debug|Any CPU
		{2FD78D15-21C6-45CA-AB59-B2B6B4A72716}.Debug|iPhoneSimulator.Deploy.0 = Debug|Any CPU
		{2FD78D15-21C6-45CA-AB59-B2B6B4A72716}.Debug|x64.ActiveCfg = Debug|Any CPU
		{2FD78D15-21C6-45CA-AB59-B2B6B4A72716}.Debug|x64.Build.0 = Debug|Any CPU
		{2FD78D15-21C6-45CA-AB59-B2B6B4A72716}.Debug|x64.Deploy.0 = Debug|Any CPU
		{2FD78D15-21C6-45CA-AB59-B2B6B4A72716}.Debug|x86.ActiveCfg = Debug|Any CPU
		{2FD78D15-21C6-45CA-AB59-B2B6B4A72716}.Debug|x86.Build.0 = Debug|Any CPU
		{2FD78D15-21C6-45CA-AB59-B2B6B4A72716}.Debug|x86.Deploy.0 = Debug|Any CPU
		{2FD78D15-21C6-45CA-AB59-B2B6B4A72716}.Release|Any CPU.ActiveCfg = Release|Any CPU
		{2FD78D15-21C6-45CA-AB59-B2B6B4A72716}.Release|Any CPU.Build.0 = Release|Any CPU
		{2FD78D15-21C6-45CA-AB59-B2B6B4A72716}.Release|Any CPU.Deploy.0 = Release|Any CPU
		{2FD78D15-21C6-45CA-AB59-B2B6B4A72716}.Release|ARM.ActiveCfg = Release|Any CPU
		{2FD78D15-21C6-45CA-AB59-B2B6B4A72716}.Release|ARM.Build.0 = Release|Any CPU
		{2FD78D15-21C6-45CA-AB59-B2B6B4A72716}.Release|ARM.Deploy.0 = Release|Any CPU
		{2FD78D15-21C6-45CA-AB59-B2B6B4A72716}.Release|iPhone.ActiveCfg = Release|Any CPU
		{2FD78D15-21C6-45CA-AB59-B2B6B4A72716}.Release|iPhone.Build.0 = Release|Any CPU
		{2FD78D15-21C6-45CA-AB59-B2B6B4A72716}.Release|iPhone.Deploy.0 = Release|Any CPU
		{2FD78D15-21C6-45CA-AB59-B2B6B4A72716}.Release|iPhoneSimulator.ActiveCfg = Release|Any CPU
		{2FD78D15-21C6-45CA-AB59-B2B6B4A72716}.Release|iPhoneSimulator.Build.0 = Release|Any CPU
		{2FD78D15-21C6-45CA-AB59-B2B6B4A72716}.Release|iPhoneSimulator.Deploy.0 = Release|Any CPU
		{2FD78D15-21C6-45CA-AB59-B2B6B4A72716}.Release|x64.ActiveCfg = Release|Any CPU
		{2FD78D15-21C6-45CA-AB59-B2B6B4A72716}.Release|x64.Build.0 = Release|Any CPU
		{2FD78D15-21C6-45CA-AB59-B2B6B4A72716}.Release|x64.Deploy.0 = Release|Any CPU
		{2FD78D15-21C6-45CA-AB59-B2B6B4A72716}.Release|x86.ActiveCfg = Release|Any CPU
		{2FD78D15-21C6-45CA-AB59-B2B6B4A72716}.Release|x86.Build.0 = Release|Any CPU
		{2FD78D15-21C6-45CA-AB59-B2B6B4A72716}.Release|x86.Deploy.0 = Release|Any CPU
		{F04E3CF9-4E43-4828-B2DF-5278CA8BB03D}.Debug|Any CPU.ActiveCfg = Debug|iPhoneSimulator
		{F04E3CF9-4E43-4828-B2DF-5278CA8BB03D}.Debug|Any CPU.Build.0 = Debug|iPhoneSimulator
		{F04E3CF9-4E43-4828-B2DF-5278CA8BB03D}.Debug|Any CPU.Deploy.0 = Debug|iPhoneSimulator
		{F04E3CF9-4E43-4828-B2DF-5278CA8BB03D}.Debug|ARM.ActiveCfg = Debug|iPhone
		{F04E3CF9-4E43-4828-B2DF-5278CA8BB03D}.Debug|ARM.Build.0 = Debug|iPhone
		{F04E3CF9-4E43-4828-B2DF-5278CA8BB03D}.Debug|ARM.Deploy.0 = Debug|iPhone
		{F04E3CF9-4E43-4828-B2DF-5278CA8BB03D}.Debug|iPhone.ActiveCfg = Debug|iPhone
		{F04E3CF9-4E43-4828-B2DF-5278CA8BB03D}.Debug|iPhone.Build.0 = Debug|iPhone
		{F04E3CF9-4E43-4828-B2DF-5278CA8BB03D}.Debug|iPhone.Deploy.0 = Debug|iPhone
		{F04E3CF9-4E43-4828-B2DF-5278CA8BB03D}.Debug|iPhoneSimulator.ActiveCfg = Debug|iPhoneSimulator
		{F04E3CF9-4E43-4828-B2DF-5278CA8BB03D}.Debug|iPhoneSimulator.Build.0 = Debug|iPhoneSimulator
		{F04E3CF9-4E43-4828-B2DF-5278CA8BB03D}.Debug|iPhoneSimulator.Deploy.0 = Debug|iPhoneSimulator
		{F04E3CF9-4E43-4828-B2DF-5278CA8BB03D}.Debug|x64.ActiveCfg = Debug|iPhoneSimulator
		{F04E3CF9-4E43-4828-B2DF-5278CA8BB03D}.Debug|x64.Build.0 = Debug|iPhoneSimulator
		{F04E3CF9-4E43-4828-B2DF-5278CA8BB03D}.Debug|x64.Deploy.0 = Debug|iPhoneSimulator
		{F04E3CF9-4E43-4828-B2DF-5278CA8BB03D}.Debug|x86.ActiveCfg = Debug|iPhoneSimulator
		{F04E3CF9-4E43-4828-B2DF-5278CA8BB03D}.Debug|x86.Build.0 = Debug|iPhoneSimulator
		{F04E3CF9-4E43-4828-B2DF-5278CA8BB03D}.Debug|x86.Deploy.0 = Debug|iPhoneSimulator
		{F04E3CF9-4E43-4828-B2DF-5278CA8BB03D}.Release|Any CPU.ActiveCfg = Release|iPhoneSimulator
		{F04E3CF9-4E43-4828-B2DF-5278CA8BB03D}.Release|Any CPU.Build.0 = Release|iPhoneSimulator
		{F04E3CF9-4E43-4828-B2DF-5278CA8BB03D}.Release|Any CPU.Deploy.0 = Release|iPhoneSimulator
		{F04E3CF9-4E43-4828-B2DF-5278CA8BB03D}.Release|ARM.ActiveCfg = Release|iPhoneSimulator
		{F04E3CF9-4E43-4828-B2DF-5278CA8BB03D}.Release|ARM.Build.0 = Release|iPhoneSimulator
		{F04E3CF9-4E43-4828-B2DF-5278CA8BB03D}.Release|ARM.Deploy.0 = Release|iPhoneSimulator
		{F04E3CF9-4E43-4828-B2DF-5278CA8BB03D}.Release|iPhone.ActiveCfg = Release|iPhone
		{F04E3CF9-4E43-4828-B2DF-5278CA8BB03D}.Release|iPhone.Build.0 = Release|iPhone
		{F04E3CF9-4E43-4828-B2DF-5278CA8BB03D}.Release|iPhone.Deploy.0 = Release|iPhone
		{F04E3CF9-4E43-4828-B2DF-5278CA8BB03D}.Release|iPhoneSimulator.ActiveCfg = Release|iPhoneSimulator
		{F04E3CF9-4E43-4828-B2DF-5278CA8BB03D}.Release|iPhoneSimulator.Build.0 = Release|iPhoneSimulator
		{F04E3CF9-4E43-4828-B2DF-5278CA8BB03D}.Release|iPhoneSimulator.Deploy.0 = Release|iPhoneSimulator
		{F04E3CF9-4E43-4828-B2DF-5278CA8BB03D}.Release|x64.ActiveCfg = Release|iPhoneSimulator
		{F04E3CF9-4E43-4828-B2DF-5278CA8BB03D}.Release|x64.Build.0 = Release|iPhoneSimulator
		{F04E3CF9-4E43-4828-B2DF-5278CA8BB03D}.Release|x64.Deploy.0 = Release|iPhoneSimulator
		{F04E3CF9-4E43-4828-B2DF-5278CA8BB03D}.Release|x86.ActiveCfg = Release|iPhoneSimulator
		{F04E3CF9-4E43-4828-B2DF-5278CA8BB03D}.Release|x86.Build.0 = Release|iPhoneSimulator
		{F04E3CF9-4E43-4828-B2DF-5278CA8BB03D}.Release|x86.Deploy.0 = Release|iPhoneSimulator
		{7C4409CA-D669-4E8A-A3D7-ECC23C7A46D7}.Debug|Any CPU.ActiveCfg = Debug|Any CPU
		{7C4409CA-D669-4E8A-A3D7-ECC23C7A46D7}.Debug|Any CPU.Build.0 = Debug|Any CPU
		{7C4409CA-D669-4E8A-A3D7-ECC23C7A46D7}.Debug|Any CPU.Deploy.0 = Debug|Any CPU
		{7C4409CA-D669-4E8A-A3D7-ECC23C7A46D7}.Debug|ARM.ActiveCfg = Debug|Any CPU
		{7C4409CA-D669-4E8A-A3D7-ECC23C7A46D7}.Debug|ARM.Build.0 = Debug|Any CPU
		{7C4409CA-D669-4E8A-A3D7-ECC23C7A46D7}.Debug|ARM.Deploy.0 = Debug|Any CPU
		{7C4409CA-D669-4E8A-A3D7-ECC23C7A46D7}.Debug|iPhone.ActiveCfg = Debug|Any CPU
		{7C4409CA-D669-4E8A-A3D7-ECC23C7A46D7}.Debug|iPhone.Build.0 = Debug|Any CPU
		{7C4409CA-D669-4E8A-A3D7-ECC23C7A46D7}.Debug|iPhone.Deploy.0 = Debug|Any CPU
		{7C4409CA-D669-4E8A-A3D7-ECC23C7A46D7}.Debug|iPhoneSimulator.ActiveCfg = Debug|Any CPU
		{7C4409CA-D669-4E8A-A3D7-ECC23C7A46D7}.Debug|iPhoneSimulator.Build.0 = Debug|Any CPU
		{7C4409CA-D669-4E8A-A3D7-ECC23C7A46D7}.Debug|iPhoneSimulator.Deploy.0 = Debug|Any CPU
		{7C4409CA-D669-4E8A-A3D7-ECC23C7A46D7}.Debug|x64.ActiveCfg = Debug|Any CPU
		{7C4409CA-D669-4E8A-A3D7-ECC23C7A46D7}.Debug|x64.Build.0 = Debug|Any CPU
		{7C4409CA-D669-4E8A-A3D7-ECC23C7A46D7}.Debug|x64.Deploy.0 = Debug|Any CPU
		{7C4409CA-D669-4E8A-A3D7-ECC23C7A46D7}.Debug|x86.ActiveCfg = Debug|Any CPU
		{7C4409CA-D669-4E8A-A3D7-ECC23C7A46D7}.Debug|x86.Build.0 = Debug|Any CPU
		{7C4409CA-D669-4E8A-A3D7-ECC23C7A46D7}.Debug|x86.Deploy.0 = Debug|Any CPU
		{7C4409CA-D669-4E8A-A3D7-ECC23C7A46D7}.Release|Any CPU.ActiveCfg = Release|Any CPU
		{7C4409CA-D669-4E8A-A3D7-ECC23C7A46D7}.Release|Any CPU.Build.0 = Release|Any CPU
		{7C4409CA-D669-4E8A-A3D7-ECC23C7A46D7}.Release|Any CPU.Deploy.0 = Release|Any CPU
		{7C4409CA-D669-4E8A-A3D7-ECC23C7A46D7}.Release|ARM.ActiveCfg = Release|Any CPU
		{7C4409CA-D669-4E8A-A3D7-ECC23C7A46D7}.Release|ARM.Build.0 = Release|Any CPU
		{7C4409CA-D669-4E8A-A3D7-ECC23C7A46D7}.Release|ARM.Deploy.0 = Release|Any CPU
		{7C4409CA-D669-4E8A-A3D7-ECC23C7A46D7}.Release|iPhone.ActiveCfg = Release|Any CPU
		{7C4409CA-D669-4E8A-A3D7-ECC23C7A46D7}.Release|iPhone.Build.0 = Release|Any CPU
		{7C4409CA-D669-4E8A-A3D7-ECC23C7A46D7}.Release|iPhone.Deploy.0 = Release|Any CPU
		{7C4409CA-D669-4E8A-A3D7-ECC23C7A46D7}.Release|iPhoneSimulator.ActiveCfg = Release|Any CPU
		{7C4409CA-D669-4E8A-A3D7-ECC23C7A46D7}.Release|iPhoneSimulator.Build.0 = Release|Any CPU
		{7C4409CA-D669-4E8A-A3D7-ECC23C7A46D7}.Release|iPhoneSimulator.Deploy.0 = Release|Any CPU
		{7C4409CA-D669-4E8A-A3D7-ECC23C7A46D7}.Release|x64.ActiveCfg = Release|Any CPU
		{7C4409CA-D669-4E8A-A3D7-ECC23C7A46D7}.Release|x64.Build.0 = Release|Any CPU
		{7C4409CA-D669-4E8A-A3D7-ECC23C7A46D7}.Release|x64.Deploy.0 = Release|Any CPU
		{7C4409CA-D669-4E8A-A3D7-ECC23C7A46D7}.Release|x86.ActiveCfg = Release|Any CPU
		{7C4409CA-D669-4E8A-A3D7-ECC23C7A46D7}.Release|x86.Build.0 = Release|Any CPU
		{7C4409CA-D669-4E8A-A3D7-ECC23C7A46D7}.Release|x86.Deploy.0 = Release|Any CPU
	EndGlobalSection
	GlobalSection(SolutionProperties) = preSolution
		HideSolutionNode = FALSE
	EndGlobalSection
	GlobalSection(ExtensibilityGlobals) = postSolution
		SolutionGuid = {90010D63-A828-49B3-AFEF-8CD290923309}
	EndGlobalSection
EndGlobal
